{
  "nodes": {
    "bandithedoge-pkgs": {
      "inputs": {
        "flake-parts": "flake-parts",
        "nixpkgs": "nixpkgs"
      },
      "locked": {
        "lastModified": 1784730027,
        "narHash": "sha256-kukJvrF0DRJiGdOSGPoNRgI4AW/6iS7eI0n5WXx+i6g=",
        "owner": "bandithedoge",
        "repo": "nur-packages",
        "rev": "98a60365e67c489d50d31084afb4c49d4ff1f586",
        "type": "github"
      },
      "original": {
        "owner": "bandithedoge",
        "repo": "nur-packages",
        "type": "github"
      }
    },
    "base16-schemes": {
      "flake": false,
      "locked": {
        "lastModified": 1696158499,
        "narHash": "sha256-5yIHgDTPjoX/3oDEfLSQ0eJZdFL1SaCfb9d6M0RmOTM=",
        "owner": "tinted-theming",
        "repo": "base16-schemes",
        "rev": "a9112eaae86d9dd8ee6bb9445b664fba2f94037a",
        "type": "github"
      },
      "original": {
        "owner": "tinted-theming",
        "repo": "base16-schemes",
        "type": "github"
      }
    },
    "birdbird": {
      "flake": false,
      "locked": {
        "lastModified": 1764150428,
        "narHash": "sha256-Cux1A9i3ats1KO+x7B1ZxSPbH3QoYb2rqyk24t6qMaw=",
        "owner": "Bird-Bird",
        "repo": "ReaScript_Testing",
        "rev": "ae0c0d71abbfcbd8b49c696dae33639d9949494f",
        "type": "github"
      },
      "original": {
        "owner": "Bird-Bird",
        "repo": "ReaScript_Testing",
        "type": "github"
      }
    },
    "catppuccin-renoise": {
      "flake": false,
      "locked": {
        "lastModified": 1778165936,
        "narHash": "sha256-Lr8Fa69+Uw5yYaTpx3xp8UYH8TFk4yTA8encghcWE90=",
        "owner": "catppuccin",
        "repo": "renoise",
        "rev": "47d7b7ba9f282ae0b310b2b6186bed95466fecac",
        "type": "github"
      },
      "original": {
        "owner": "catppuccin",
        "repo": "renoise",
        "type": "github"
      }
    },
    "chkhld-jsfx": {
      "flake": false,
      "locked": {
        "lastModified": 1752236308,
        "narHash": "sha256-9If5CkvBATVUMgNCZQWULq+HNguZnMqMKSf+Q0bd+hM=",
        "owner": "chkhld",
        "repo": "jsfx",
        "rev": "f6d175d8253375a51832fd52aa86482c191caadc",
        "type": "github"
      },
      "original": {
        "owner": "chkhld",
        "repo": "jsfx",
        "type": "github"
      }
    },
    "flake-compat": {
      "flake": false,
      "locked": {
        "lastModified": 1767039857,
        "narHash": "sha256-vNpUSpF5Nuw8xvDLj2KCwwksIbjua2LZCqhV1LNRDns=",
        "owner": "NixOS",
        "repo": "flake-compat",
        "rev": "5edf11c44bc78a0d334f6334cdaf7d60d732daab",
        "type": "github"
      },
      "original": {
        "owner": "NixOS",
        "repo": "flake-compat",
        "type": "github"
      }
    },
    "flake-parts": {
      "inputs": {
        "nixpkgs-lib": "nixpkgs-lib"
      },
      "locked": {
        "lastModified": 1782949081,
        "narHash": "sha256-vp6Y/Grm98ESt6ceOkWiHWyZRDV3J1RID4w+6NWK9yA=",
        "owner": "hercules-ci",
        "repo": "flake-parts",
        "rev": "17c9d6cdfc60c64f4ee8d306f9bc0b4ccb51481e",
        "type": "github"
      },
      "original": {
        "owner": "hercules-ci",
        "repo": "flake-parts",
        "type": "github"
      }
    },
    "flake-parts_2": {
      "inputs": {
        "nixpkgs-lib": "nixpkgs-lib_2"
      },
      "locked": {
        "lastModified": 1772408722,
        "narHash": "sha256-rHuJtdcOjK7rAHpHphUb1iCvgkU3GpfvicLMwwnfMT0=",
        "owner": "hercules-ci",
        "repo": "flake-parts",
        "rev": "f20dc5d9b8027381c474144ecabc9034d6a839a3",
        "type": "github"
      },
      "original": {
        "owner": "hercules-ci",
        "repo": "flake-parts",
        "type": "github"
      }
    },
    "flake-parts_3": {
      "inputs": {
        "nixpkgs-lib": "nixpkgs-lib_4"
      },
      "locked": {
        "lastModified": 1782949081,
        "narHash": "sha256-vp6Y/Grm98ESt6ceOkWiHWyZRDV3J1RID4w+6NWK9yA=",
        "owner": "hercules-ci",
        "repo": "flake-parts",
        "rev": "17c9d6cdfc60c64f4ee8d306f9bc0b4ccb51481e",
        "type": "github"
      },
      "original": {
        "owner": "hercules-ci",
        "repo": "flake-parts",
        "type": "github"
      }
    },
    "flake-parts_4": {
      "inputs": {
        "nixpkgs-lib": [
          "nixvim",
          "nixpkgs"
        ]
      },
      "locked": {
        "lastModified": 1782949081,
        "narHash": "sha256-vp6Y/Grm98ESt6ceOkWiHWyZRDV3J1RID4w+6NWK9yA=",
        "owner": "hercules-ci",
        "repo": "flake-parts",
        "rev": "17c9d6cdfc60c64f4ee8d306f9bc0b4ccb51481e",
        "type": "github"
      },
      "original": {
        "owner": "hercules-ci",
        "repo": "flake-parts",
        "type": "github"
      }
    },
    "flake-parts_5": {
      "inputs": {
        "nixpkgs-lib": "nixpkgs-lib_5"
      },
      "locked": {
        "lastModified": 1782949081,
        "narHash": "sha256-vp6Y/Grm98ESt6ceOkWiHWyZRDV3J1RID4w+6NWK9yA=",
        "owner": "hercules-ci",
        "repo": "flake-parts",
        "rev": "17c9d6cdfc60c64f4ee8d306f9bc0b4ccb51481e",
        "type": "github"
      },
      "original": {
        "owner": "hercules-ci",
        "repo": "flake-parts",
        "type": "github"
      }
    },
    "flake-parts_6": {
      "inputs": {
        "nixpkgs-lib": "nixpkgs-lib_6"
      },
      "locked": {
        "lastModified": 1760948891,
        "narHash": "sha256-TmWcdiUUaWk8J4lpjzu4gCGxWY6/Ok7mOK4fIFfBuU4=",
        "owner": "hercules-ci",
        "repo": "flake-parts",
        "rev": "864599284fc7c0ba6357ed89ed5e2cd5040f0c04",
        "type": "github"
      },
      "original": {
        "owner": "hercules-ci",
        "repo": "flake-parts",
        "type": "github"
      }
    },
    "generators": {
      "inputs": {
        "nixlib": "nixlib",
        "nixpkgs": [
          "nixpkgs"
        ]
      },
      "locked": {
        "lastModified": 1769813415,
        "narHash": "sha256-nnVmNNKBi1YiBNPhKclNYDORoHkuKipoz7EtVnXO50A=",
        "owner": "nix-community",
        "repo": "nixos-generators",
        "rev": "8946737ff703382fda7623b9fab071d037e897d5",
        "type": "github"
      },
      "original": {
        "owner": "nix-community",
        "repo": "nixos-generators",
        "type": "github"
      }
    },
    "git-hooks": {
      "inputs": {
        "flake-compat": [
          "nix-gaming",
          "flake-compat"
        ],
        "nixpkgs": [
          "nix-gaming",
          "nixpkgs"
        ]
      },
      "locked": {
        "lastModified": 1784288435,
        "narHash": "sha256-ReRHaLgr/uVqdD8afFSn+myXIfpHeOhP0yYe0TJqAA8=",
        "owner": "cachix",
        "repo": "git-hooks.nix",
        "rev": "43b3c1ab9d40fb1dbb008f451988a91e375825e9",
        "type": "github"
      },
      "original": {
        "owner": "cachix",
        "repo": "git-hooks.nix",
        "type": "github"
      }
    },
    "home-manager": {
      "inputs": {
        "nixpkgs": [
          "nixpkgs"
        ]
      },
      "locked": {
        "lastModified": 1784789275,
        "narHash": "sha256-cgRTWuG+u1tBPhm01JrId2k0Bni09phVJ1Q0BZlRd7M=",
        "owner": "nix-community",
        "repo": "home-manager",
        "rev": "3b0e6bbd65869af1beadf5963a99befc179d209f",
        "type": "github"
      },
      "original": {
        "owner": "nix-community",
        "repo": "home-manager",
        "type": "github"
      }
    },
    "jsfx-clones": {
      "flake": false,
      "locked": {
        "lastModified": 1776719875,
        "narHash": "sha256-ir3HLb6hAMf/CaTTQ36wlo+JEKA4Hyef8/xC6HXS8kc=",
        "owner": "JClones",
        "repo": "JSFXClones",
        "rev": "88a1503d668c378ced4c166e772378272f3b72ea",
        "type": "github"
      },
      "original": {
        "owner": "JClones",
        "repo": "JSFXClones",
        "type": "github"
      }
    },
    "margesimpson": {
      "inputs": {
        "flake-parts": "flake-parts_6",
        "nixpkgs": [
          "reanix",
          "nixpkgs"
        ]
      },
      "locked": {
        "lastModified": 1761455199,
        "narHash": "sha256-TgK8dtUxZVQOustuADarhV/ZMKpFifGq1ClBMPcYQIU=",
        "owner": "mrtnvgr",
        "repo": "margesimpson",
        "rev": "f7ffb2c0ea925c28e7341479ba8e3c8615a55559",
        "type": "github"
      },
      "original": {
        "owner": "mrtnvgr",
        "repo": "margesimpson",
        "type": "github"
      }
    },
    "mrtnvgr": {
      "inputs": {
        "flake-parts": "flake-parts_2",
        "nixpkgs": [
          "nixpkgs"
        ]
      },
      "locked": {
        "lastModified": 1782390481,
        "narHash": "sha256-Heh2QJStHE4g3/Z8u83jOi4lm76Kz/r0zsneU8PEW3U=",
        "owner": "mrtnvgr",
        "repo": "nurpkgs",
        "rev": "7c28cc199da83b02b3b9a66746443fa58e34c3a6",
        "type": "github"
      },
      "original": {
        "owner": "mrtnvgr",
        "repo": "nurpkgs",
        "type": "github"
      }
    },
    "mrtnvgr-actions": {
      "flake": false,
      "locked": {
        "lastModified": 1775987072,
        "narHash": "sha256-o6pu/24YYtlCRAw0pRrlccVeSPcOnMn70i8n7BKMHgc=",
        "owner": "mrtnvgr",
        "repo": "actions.nvim",
        "rev": "5b9dc4e43146aaafa129c3c9603ea98c24faed6e",
        "type": "github"
      },
      "original": {
        "owner": "mrtnvgr",
        "repo": "actions.nvim",
        "type": "github"
      }
    },
    "mrtnvgr-rea": {
      "flake": false,
      "locked": {
        "lastModified": 1775960375,
        "narHash": "sha256-HQ+vaaePKR8blAKEPe4QB2583Jk6BjNyePMSO+Q/hIY=",
        "owner": "mrtnvgr",
        "repo": "reastuff",
        "rev": "9037ae328e2f14217aebf8fea520e48c4d832620",
        "type": "github"
      },
      "original": {
        "owner": "mrtnvgr",
        "repo": "reastuff",
        "type": "github"
      }
    },
    "nix-colors": {
      "inputs": {
        "base16-schemes": "base16-schemes",
        "nixpkgs-lib": "nixpkgs-lib_3"
      },
      "locked": {
        "lastModified": 1707825078,
        "narHash": "sha256-hTfge2J2W+42SZ7VHXkf4kjU+qzFqPeC9k66jAUBMHk=",
        "owner": "Misterio77",
        "repo": "nix-colors",
        "rev": "b01f024090d2c4fc3152cd0cf12027a7b8453ba1",
        "type": "github"
      },
      "original": {
        "owner": "Misterio77",
        "repo": "nix-colors",
        "type": "github"
      }
    },
    "nix-gaming": {
      "inputs": {
        "flake-compat": "flake-compat",
        "flake-parts": "flake-parts_3",
        "git-hooks": "git-hooks",
        "nixpkgs": "nixpkgs_2"
      },
      "locked": {
        "lastModified": 1784741039,
        "narHash": "sha256-FtTmye8k/65loV0GYq4/ENZdQCU7BAQ2FM3/CgAxuIY=",
        "owner": "fufexan",
        "repo": "nix-gaming",
        "rev": "8628091b9b9313664c7dfc833c93431b0277b726",
        "type": "github"
      },
      "original": {
        "owner": "fufexan",
        "repo": "nix-gaming",
        "type": "github"
      }
    },
    "nixlib": {
      "locked": {
        "lastModified": 1736643958,
        "narHash": "sha256-tmpqTSWVRJVhpvfSN9KXBvKEXplrwKnSZNAoNPf/S/s=",
        "owner": "nix-community",
        "repo": "nixpkgs.lib",
        "rev": "1418bc28a52126761c02dd3d89b2d8ca0f521181",
        "type": "github"
      },
      "original": {
        "owner": "nix-community",
        "repo": "nixpkgs.lib",
        "type": "github"
      }
    },
    "nixpkgs": {
      "locked": {
        "lastModified": 1784555310,
        "narHash": "sha256-/FCliTPgiuV1owejZFNx3Ch9irdvkOfOFl+HHZ+DrtM=",
        "owner": "NixOS",
        "repo": "nixpkgs",
        "rev": "421eebfd0ec7bccd4abe826ce62d7e6e83129493",
        "type": "github"
      },
      "original": {
        "owner": "NixOS",
        "ref": "nixpkgs-unstable",
        "repo": "nixpkgs",
        "type": "github"
      }
    },
    "nixpkgs-lib": {
      "locked": {
        "lastModified": 1782614948,
        "narHash": "sha256-ePjCwr1sNm9NYUqywL7QfK3JnlS015msC+eBu2zKlp8=",
        "owner": "nix-community",
        "repo": "nixpkgs.lib",
        "rev": "db3f255737b94216eb71cce308e2912cf6bc2d7c",
        "type": "github"
      },
      "original": {
        "owner": "nix-community",
        "repo": "nixpkgs.lib",
        "type": "github"
      }
    },
    "nixpkgs-lib_2": {
      "locked": {
        "lastModified": 1772328832,
        "narHash": "sha256-e+/T/pmEkLP6BHhYjx6GmwP5ivonQQn0bJdH9YrRB+Q=",
        "owner": "nix-community",
        "repo": "nixpkgs.lib",
        "rev": "c185c7a5e5dd8f9add5b2f8ebeff00888b070742",
        "type": "github"
      },
      "original": {
        "owner": "nix-community",
        "repo": "nixpkgs.lib",
        "type": "github"
      }
    },
    "nixpkgs-lib_3": {
      "locked": {
        "lastModified": 1697935651,
        "narHash": "sha256-qOfWjQ2JQSQL15KLh6D7xQhx0qgZlYZTYlcEiRuAMMw=",
        "owner": "nix-community",
        "repo": "nixpkgs.lib",
        "rev": "e1e11fdbb01113d85c7f41cada9d2847660e3902",
        "type": "github"
      },
      "original": {
        "owner": "nix-community",
        "repo": "nixpkgs.lib",
        "type": "github"
      }
    },
    "nixpkgs-lib_4": {
      "locked": {
        "lastModified": 1782614948,
        "narHash": "sha256-ePjCwr1sNm9NYUqywL7QfK3JnlS015msC+eBu2zKlp8=",
        "owner": "nix-community",
        "repo": "nixpkgs.lib",
        "rev": "db3f255737b94216eb71cce308e2912cf6bc2d7c",
        "type": "github"
      },
      "original": {
        "owner": "nix-community",
        "repo": "nixpkgs.lib",
        "type": "github"
      }
    },
    "nixpkgs-lib_5": {
      "locked": {
        "lastModified": 1782614948,
        "narHash": "sha256-ePjCwr1sNm9NYUqywL7QfK3JnlS015msC+eBu2zKlp8=",
        "owner": "nix-community",
        "repo": "nixpkgs.lib",
        "rev": "db3f255737b94216eb71cce308e2912cf6bc2d7c",
        "type": "github"
      },
      "original": {
        "owner": "nix-community",
        "repo": "nixpkgs.lib",
        "type": "github"
      }
    },
    "nixpkgs-lib_6": {
      "locked": {
        "lastModified": 1754788789,
        "narHash": "sha256-x2rJ+Ovzq0sCMpgfgGaaqgBSwY+LST+WbZ6TytnT9Rk=",
        "owner": "nix-community",
        "repo": "nixpkgs.lib",
        "rev": "a73b9c743612e4244d865a2fdee11865283c04e6",
        "type": "github"
      },
      "original": {
        "owner": "nix-community",
        "repo": "nixpkgs.lib",
        "type": "github"
      }
    },
    "nixpkgs-wine": {
      "locked": {
        "lastModified": 1722062969,
        "narHash": "sha256-QOS0ykELUmPbrrUGmegAUlpmUFznDQeR4q7rFhl8eQg=",
        "owner": "nixos",
        "repo": "nixpkgs",
        "rev": "b73c2221a46c13557b1b3be9c2070cc42cf01eb3",
        "type": "github"
      },
      "original": {
        "owner": "nixos",
        "repo": "nixpkgs",
        "rev": "b73c2221a46c13557b1b3be9c2070cc42cf01eb3",
        "type": "github"
      }
    },
    "nixpkgs_2": {
      "locked": {
        "lastModified": 1784364478,
        "narHash": "sha256-CdItYNdYUlm7NxqMVyQKqT2IxTwvapiPuRLWOyHTrbY=",
        "owner": "NixOS",
        "repo": "nixpkgs",
        "rev": "20535e48e12c86043b577b8518234ff5dbb26957",
        "type": "github"
      },
      "original": {
        "owner": "NixOS",
        "ref": "nixpkgs-unstable",
        "repo": "nixpkgs",
        "type": "github"
      }
    },
    "nixpkgs_3": {
      "locked": {
        "lastModified": 1784828336,
        "narHash": "sha256-rjrd+5AHDlPFuVML9F6qrZoHiv9CjZohWwEzxQiuqYI=",
        "owner": "mrtnvgr",
        "repo": "nixpkgs-fork",
        "rev": "b60ff5261302c3447bca1966b8c03b84ffd919f7",
        "type": "github"
      },
      "original": {
        "owner": "mrtnvgr",
        "ref": "channel/future",
        "repo": "nixpkgs-fork",
        "type": "github"
      }
    },
    "nixpkgs_4": {
      "locked": {
        "lastModified": 1784555310,
        "narHash": "sha256-/FCliTPgiuV1owejZFNx3Ch9irdvkOfOFl+HHZ+DrtM=",
        "owner": "NixOS",
        "repo": "nixpkgs",
        "rev": "421eebfd0ec7bccd4abe826ce62d7e6e83129493",
        "type": "github"
      },
      "original": {
        "owner": "NixOS",
        "ref": "nixpkgs-unstable",
        "repo": "nixpkgs",
        "type": "github"
      }
    },
    "nixvim": {
      "inputs": {
        "flake-parts": "flake-parts_4",
        "nixpkgs": "nixpkgs_4",
        "systems": "systems"
      },
      "locked": {
        "lastModified": 1784814601,
        "narHash": "sha256-T32JXjZ7kIbhBn8/Har171yGg6IBdl97cxAWameqZDE=",
        "owner": "nix-community",
        "repo": "nixvim",
        "rev": "f316e949e0ed9df0e1e0bf645c6dce721d4e230e",
        "type": "github"
      },
      "original": {
        "owner": "nix-community",
        "repo": "nixvim",
        "type": "github"
      }
    },
    "reanix": {
      "inputs": {
        "flake-parts": "flake-parts_5",
        "margesimpson": "margesimpson",
        "mrtnvgr": [
          "mrtnvgr"
        ],
        "nixpkgs": [
          "nixpkgs"
        ]
      },
      "locked": {
        "lastModified": 1780402942,
        "narHash": "sha256-SOdJK9OdX25QShXf7OsWuArDwSHkx1iOnpKCoC/6Mrc=",
        "owner": "mrtnvgr",
        "repo": "reanix",
        "rev": "041a171691ab98cc4a6c3a6306177c5d1c06912a",
        "type": "github"
      },
      "original": {
        "owner": "mrtnvgr",
        "repo": "reanix",
        "type": "github"
      }
    },
    "reascripts": {
      "flake": false,
      "locked": {
        "lastModified": 1784801664,
        "narHash": "sha256-6A4pvBvvqnUavNSyCPgAFVvZ60anqWnYhtXsTNizaUE=",
        "owner": "ReaTeam",
        "repo": "ReaScripts",
        "rev": "0996d06f362a78a4bcf7978541ba6c569e555986",
        "type": "github"
      },
      "original": {
        "owner": "ReaTeam",
        "repo": "ReaScripts",
        "type": "github"
      }
    },
    "root": {
      "inputs": {
        "bandithedoge-pkgs": "bandithedoge-pkgs",
        "birdbird": "birdbird",
        "catppuccin-renoise": "catppuccin-renoise",
        "chkhld-jsfx": "chkhld-jsfx",
        "generators": "generators",
        "home-manager": "home-manager",
        "jsfx-clones": "jsfx-clones",
        "mrtnvgr": "mrtnvgr",
        "mrtnvgr-actions": "mrtnvgr-actions",
        "mrtnvgr-rea": "mrtnvgr-rea",
        "nix-colors": "nix-colors",
        "nix-gaming": "nix-gaming",
        "nixpkgs": "nixpkgs_3",
        "nixpkgs-wine": "nixpkgs-wine",
        "nixvim": "nixvim",
        "reanix": "reanix",
        "reascripts": "reascripts",
        "saike-jsfx": "saike-jsfx"
      }
    },
    "saike-jsfx": {
      "flake": false,
      "locked": {
        "lastModified": 1783465375,
        "narHash": "sha256-TYUOBjCGKciIe6ebMD2MMZsLGvG4AjDnb5kk8TiI/Mc=",
        "owner": "JoepVanlier",
        "repo": "JSFX",
        "rev": "6a1cf24d370e5165da3fc279307b2be9130155ec",
        "type": "github"
      },
      "original": {
        "owner": "JoepVanlier",
        "repo": "JSFX",
        "type": "github"
      }
    },
    "systems": {
      "locked": {
        "lastModified": 1774449309,
        "narHash": "sha256-brhZ8DmuGtzkCYHJg4HEd602amKm89Y9ytsFZ5uWD1w=",
        "owner": "nix-systems",
        "repo": "default",
        "rev": "c29398b59d2048c4ab79345812849c9bd15e9150",
        "type": "github"
      },
      "original": {
        "owner": "nix-systems",
        "ref": "future-26.11",
        "repo": "default",
        "type": "github"
      }
    }
  },
  "root": "root",
  "version": 7
}
